
Microsoft Visual Studio Solution File, Format Version 12.00
# Visual Studio Version 17
VisualStudioVersion = 17.8.34525.116
MinimumVisualStudioVersion = 10.0.40219.1
Project("{FAE04EC0-301F-11D3-BF4B-00C04F79EFBC}") = "DataImport", "DataImport.csproj", "{BBF85BF2-079F-4477-9791-2D8338817B71}"
EndProject
Global
	GlobalSection(SolutionConfigurationPlatforms) = preSolution
		Debug|Any CPU = Debug|Any CPU
		Release|Any CPU = Release|Any CPU
	EndGlobalSection
	GlobalSection(ProjectConfigurationPlatforms) = postSolution
		{BBF85BF2-079F-4477-9791-2D8338817B71}.Debug|Any CPU.ActiveCfg = Debug|Any CPU
		{BBF85BF2-079F-4477-9791-2D8338817B71}.Debug|Any CPU.Build.0 = Debug|Any CPU
		{BBF85BF2-079F-4477-9791-2D8338817B71}.Release|Any CPU.ActiveCfg = Release|Any CPU
		{BBF85BF2-079F-4477-9791-2D8338817B71}.Release|Any CPU.Build.0 = Release|Any CPU
	EndGlobalSection
	GlobalSection(SolutionProperties) = preSolution
		HideSolutionNode = FALSE
	EndGlobalSection
	GlobalSection(ExtensibilityGlobals) = postSolution
		SolutionGuid = {D07CD7B6-3300-413B-B8ED-4074E8D3392E}
	EndGlobalSection
EndGlobal
